
Microsoft Visual Studio Solution File, Format Version 12.00
# Visual Studio Version 17
VisualStudioVersion = 17.5.33530.505
MinimumVisualStudioVersion = 10.0.40219.1
Project("{FAE04EC0-301F-11D3-BF4B-00C04F79EFBC}") = "DocumentApp", "DocumentApp\DocumentApp.csproj", "{25DFF831-3DB3-4C22-8675-86C1E70BF052}"
EndProject
Global
	GlobalSection(SolutionConfigurationPlatforms) = preSolution
		Debug|Any CPU = Debug|Any CPU
		Release|Any CPU = Release|Any CPU
	EndGlobalSection
	GlobalSection(ProjectConfigurationPlatforms) = postSolution
		{25DFF831-3DB3-4C22-8675-86C1E70BF052}.Debug|Any CPU.ActiveCfg = Debug|Any CPU
		{25DFF831-3DB3-4C22-8675-86C1E70BF052}.Debug|Any CPU.Build.0 = Debug|Any CPU
		{25DFF831-3DB3-4C22-8675-86C1E70BF052}.Release|Any CPU.ActiveCfg = Release|Any CPU
		{25DFF831-3DB3-4C22-8675-86C1E70BF052}.Release|Any CPU.Build.0 = Release|Any CPU
	EndGlobalSection
	GlobalSection(SolutionProperties) = preSolution
		HideSolutionNode = FALSE
	EndGlobalSection
	GlobalSection(ExtensibilityGlobals) = postSolution
		SolutionGuid = {E62D322D-9131-40EC-90BA-FF622BDA9A36}
	EndGlobalSection
EndGlobal
